// !$*UTF8*$!
{
	archiveVersion = 1;
	classes = {
	};
	objectVersion = 46;
	objects = {

/* Begin PBXBuildFile section */
		872A19501E6BCBF500692CDA /* AppDelegate.swift in Sources */ = {isa = PBXBuildFile; fileRef = 872A194F1E6BCBF500692CDA /* AppDelegate.swift */; };
		872A19521E6BCBF500692CDA /* ViewController.swift in Sources */ = {isa = PBXBuildFile; fileRef = 872A19511E6BCBF500692CDA /* ViewController.swift */; };
		872A19551E6BCBF500692CDA /* Main.storyboard in Resources */ = {isa = PBXBuildFile; fileRef = 872A19531E6BCBF500692CDA /* Main.storyboard */; };
		872A19571E6BCBF500692CDA /* Assets.xcassets in Resources */ = {isa = PBXBuildFile; fileRef = 872A19561E6BCBF500692CDA /* Assets.xcassets */; };
		872A195A1E6BCBF500692CDA /* LaunchScreen.storyboard in Resources */ = {isa = PBXBuildFile; fileRef = 872A19581E6BCBF500692CDA /* LaunchScreen.storyboard */; };
/* End PBXBuildFile section */

/* Begin PBXFileReference section */
		872A194C1E6BCBF500692CDA /* SendSMS.app */ = {isa = PBXFileReference; explicitFileType = wrapper.application; includeInIndex = 0; path = SendSMS.app; sourceTree = BUILT_PRODUCTS_DIR; };
		872A194F1E6BCBF500692CDA /* AppDelegate.swift */ = {isa = PBXFileReference; lastKnownFileType = sourcecode.swift; path = AppDelegate.swift; sourceTree = "<group>"; };
		872A19511E6BCBF500692CDA /* ViewController.swift */ = {isa = PBXFileReference; lastKnownFileType = sourcecode.swift; path = ViewController.swift; sourceTree = "<group>"; };
		872A19541E6BCBF500692CDA /* Base */ = {isa = PBXFileReference; lastKnownFileType = file.storyboard; name = Base; path = Base.lproj/Main.storyboard; sourceTree = "<group>"; };
		872A19561E6BCBF500692CDA /* Assets.xcassets */ = {isa = PBXFileReference; lastKnownFileType = folder.assetcatalog; path = Assets.xcassets; sourceTree = "<group>"; };
		872A19591E6BCBF500692CDA /* Base */ = {isa = PBXFileReference; lastKnownFileType = file.storyboard; name = Base; path = Base.lproj/LaunchScreen.storyboard; sourceTree = "<group>"; };
		872A195B1E6BCBF500692CDA /* Info.plist */ = {isa = PBXFileReference; lastKnownFileType = text.plist.xml; path = Info.plist; sourceTree = "<group>"; };
/* End PBXFileReference section */

/* Begin PBXFrameworksBuildPhase section */
		872A19491E6BCBF500692CDA /* Frameworks */ = {
			isa = PBXFrameworksBuildPhase;
			buildActionMask = 2147483647;
			files = (
			);
			runOnlyForDeploymentPostprocessing = 0;
		};
/* End PBXFrameworksBuildPhase section */

/* Begin PBXGroup section */
		872A19431E6BCBF500692CDA = {
			isa = PBXGroup;
			children = (
				872A194E1E6BCBF500692CDA /* SendSMS */,
				872A194D1E6BCBF500692CDA /* Products */,
			);
			sourceTree = "<group>";
		};
		872A194D1E6BCBF500692CDA /* Products */ = {
			isa = PBXGroup;
			children = (
				872A194C1E6BCBF500692CDA /* SendSMS.app */,
			);
			name = Products;
			sourceTree = "<group>";
		};
		872A194E1E6BCBF500692CDA /* SendSMS */ = {
			isa = PBXGroup;
			children = (
				872A194F1E6BCBF500692CDA /* AppDelegate.swift */,
				872A19511E6BCBF500692CDA /* ViewController.swift */,
				872A19531E6BCBF500692CDA /* Main.storyboard */,
				872A19561E6BCBF500692CDA /* Assets.xcassets */,
				872A19581E6BCBF500692CDA /* LaunchScreen.storyboard */,
				872A195B1E6BCBF500692CDA /* Info.plist */,
			);
			path = SendSMS;
			sourceTree = "<group>";
		};
/* End PBXGroup section */

/* Begin PBXNativeTarget section */
		872A194B1E6BCBF500692CDA /* SendSMS */ = {
			isa = PBXNativeTarget;
			buildConfigurationList = 872A195E1E6BCBF500692CDA /* Build configuration list for PBXNativeTarget "SendSMS" */;
			buildPhases = (
				872A19481E6BCBF500692CDA /* Sources */,
				872A19491E6BCBF500692CDA /* Frameworks */,
				872A194A1E6BCBF500692CDA /* Resources */,
			);
			buildRules = (
			);
			dependencies = (
			);
			name = SendSMS;
			productName = SendSMS;
			productReference = 872A194C1E6BCBF500692CDA /* SendSMS.app */;
			productType = "com.apple.product-type.application";
		};
/* End PBXNativeTarget section */

/* Begin PBXProject section */
		872A19441E6BCBF500692CDA /* Project object */ = {
			isa = PBXProject;
			attributes = {
				LastSwiftUpdateCheck = 0820;
				LastUpgradeCheck = 0820;
				ORGANIZATIONNAME = CodeKul;
				TargetAttributes = {
					872A194B1E6BCBF500692CDA = {
						CreatedOnToolsVersion = 8.2.1;
						ProvisioningStyle = Automatic;
					};
				};
			};
			buildConfigurationList = 872A19471E6BCBF500692CDA /* Build configuration list for PBXProject "SendSMS" */;
			compatibilityVersion = "Xcode 3.2";
			developmentRegion = English;
			hasScannedForEncodings = 0;
			knownRegions = (
				en,
				Base,
			);
			mainGroup = 872A19431E6BCBF500692CDA;
			productRefGroup = 872A194D1E6BCBF500692CDA /* Products */;
			projectDirPath = "";
			projectRoot = "";
			targets = (
				872A194B1E6BCBF500692CDA /* SendSMS */,
			);
		};
/* End PBXProject section */

/* Begin PBXResourcesBuildPhase section */
		872A194A1E6BCBF500692CDA /* Resources */ = {
			isa = PBXResourcesBuildPhase;
			buildActionMask = 2147483647;
			files = (
				872A195A1E6BCBF500692CDA /* LaunchScreen.storyboard in Resources */,
				872A19571E6BCBF500692CDA /* Assets.xcassets in Resources */,
				872A19551E6BCBF500692CDA /* Main.storyboard in Resources */,
			);
			runOnlyForDeploymentPostprocessing = 0;
		};
/* End PBXResourcesBuildPhase section */

/* Begin PBXSourcesBuildPhase section */
		872A19481E6BCBF500692CDA /* Sources */ = {
			isa = PBXSourcesBuildPhase;
			buildActionMask = 2147483647;
			files = (
				872A19521E6BCBF500692CDA /* ViewController.swift in Sources */,
				872A19501E6BCBF500692CDA /* AppDelegate.swift in Sources */,
			);
			runOnlyForDeploymentPostprocessing = 0;
		};
/* End PBXSourcesBuildPhase section */

/* Begin PBXVariantGroup section */
		872A19531E6BCBF500692CDA /* Main.storyboard */ = {
			isa = PBXVariantGroup;
			children = (
				872A19541E6BCBF500692CDA /* Base */,
			);
			name = Main.storyboard;
			sourceTree = "<group>";
		};
		872A19581E6BCBF500692CDA /* LaunchScreen.storyboard */ = {
			isa = PBXVariantGroup;
			children = (
				872A19591E6BCBF500692CDA /* Base */,
			);
			name = LaunchScreen.storyboard;
			sourceTree = "<group>";
		};
/* End PBXVariantGroup section */

/* Begin XCBuildConfiguration section */
		872A195C1E6BCBF500692CDA /* Debug */ = {
			isa = XCBuildConfiguration;
			buildSettings = {
				ALWAYS_SEARCH_USER_PATHS = NO;
				CLANG_ANALYZER_NONNULL = YES;
				CLANG_CXX_LANGUAGE_STANDARD = "gnu++0x";
				CLANG_CXX_LIBRARY = "libc++";
				CLANG_ENABLE_MODULES = YES;
				CLANG_ENABLE_OBJC_ARC = YES;
				CLANG_WARN_BOOL_CONVERSION = YES;
				CLANG_WARN_CONSTANT_CONVERSION = YES;
				CLANG_WARN_DIRECT_OBJC_ISA_USAGE = YES_ERROR;
				CLANG_WARN_DOCUMENTATION_COMMENTS = YES;
				CLANG_WARN_EMPTY_BODY = YES;
				CLANG_WARN_ENUM_CONVERSION = YES;
				CLANG_WARN_INFINITE_RECURSION = YES;
				CLANG_WARN_INT_CONVERSION = YES;
				CLANG_WARN_OBJC_ROOT_CLASS = YES_ERROR;
				CLANG_WARN_SUSPICIOUS_MOVE = YES;
				CLANG_WARN_UNREACHABLE_CODE = YES;
				CLANG_WARN__DUPLICATE_METHOD_MATCH = YES;
				"CODE_SIGN_IDENTITY[sdk=iphoneos*]" = "iPhone Developer";
				COPY_PHASE_STRIP = NO;
				DEBUG_INFORMATION_FORMAT = dwarf;
				ENABLE_STRICT_OBJC_MSGSEND = YES;
				ENABLE_TESTABILITY = YES;
				GCC_C_LANGUAGE_STANDARD = gnu99;
				GCC_DYNAMIC_NO_PIC = NO;
				GCC_NO_COMMON_BLOCKS = YES;
				GCC_OPTIMIZATION_LEVEL = 0;
				GCC_PREPROCESSOR_DEFINITIONS = (
					"DEBUG=1",
					"$(inherited)",
				);
				GCC_WARN_64_TO_32_BIT_CONVERSION = YES;
				GCC_WARN_ABOUT_RETURN_TYPE = YES_ERROR;
				GCC_WARN_UNDECLARED_SELECTOR = YES;
				GCC_WARN_UNINITIALIZED_AUTOS = YES_AGGRESSIVE;
				GCC_WARN_UNUSED_FUNCTION = YES;
				GCC_WARN_UNUSED_VARIABLE = YES;
				IPHONEOS_DEPLOYMENT_TARGET = 10.2;
				MTL_ENABLE_DEBUG_INFO = YES;
				ONLY_ACTIVE_ARCH = YES;
				SDKROOT = iphoneos;
				SWIFT_ACTIVE_COMPILATION_CONDITIONS = DEBUG;
				SWIFT_OPTIMIZATION_LEVEL = "-Onone";
				TARGETED_DEVICE_FAMILY = "1,2";
			};
			name = Debug;
		};
		872A195D1E6BCBF500692CDA /* Release */ = {
			isa = XCBuildConfiguration;
			buildSettings = {
				ALWAYS_SEARCH_USER_PATHS = NO;
				CLANG_ANALYZER_NONNULL = YES;
				CLANG_CXX_LANGUAGE_STANDARD = "gnu++0x";
				CLANG_CXX_LIBRARY = "libc++";
				CLANG_ENABLE_MODULES = YES;
				CLANG_ENABLE_OBJC_ARC = YES;
				CLANG_WARN_BOOL_CONVERSION = YES;
				CLANG_WARN_CONSTANT_CONVERSION = YES;
				CLANG_WARN_DIRECT_OBJC_ISA_USAGE = YES_ERROR;
				CLANG_WARN_DOCUMENTATION_COMMENTS = YES;
				CLANG_WARN_EMPTY_BODY = YES;
				CLANG_WARN_ENUM_CONVERSION = YES;
				CLANG_WARN_INFINITE_RECURSION = YES;
				CLANG_WARN_INT_CONVERSION = YES;
				CLANG_WARN_OBJC_ROOT_CLASS = YES_ERROR;
				CLANG_WARN_SUSPICIOUS_MOVE = YES;
				CLANG_WARN_UNREACHABLE_CODE = YES;
				CLANG_WARN__DUPLICATE_METHOD_MATCH = YES;
				"CODE_SIGN_IDENTITY[sdk=iphoneos*]" = "iPhone Developer";
				COPY_PHASE_STRIP = NO;
				DEBUG_INFORMATION_FORMAT = "dwarf-with-dsym";
				ENABLE_NS_ASSERTIONS = NO;
				ENABLE_STRICT_OBJC_MSGSEND = YES;
				GCC_C_LANGUAGE_STANDARD = gnu99;
				GCC_NO_COMMON_BLOCKS = YES;
				GCC_WARN_64_TO_32_BIT_CONVERSION = YES;
				GCC_WARN_ABOUT_RETURN_TYPE = YES_ERROR;
				GCC_WARN_UNDECLARED_SELECTOR = YES;
				GCC_WARN_UNINITIALIZED_AUTOS = YES_AGGRESSIVE;
				GCC_WARN_UNUSED_FUNCTION = YES;
				GCC_WARN_UNUSED_VARIABLE = YES;
				IPHONEOS_DEPLOYMENT_TARGET = 10.2;
				MTL_ENABLE_DEBUG_INFO = NO;
				SDKROOT = iphoneos;
				SWIFT_OPTIMIZATION_LEVEL = "-Owholemodule";
				TARGETED_DEVICE_FAMILY = "1,2";
				VALIDATE_PRODUCT = YES;
			};
			name = Release;
		};
		872A195F1E6BCBF500692CDA /* Debug */ = {
			isa = XCBuildConfiguration;
			buildSettings = {
				ASSETCATALOG_COMPILER_APPICON_NAME = AppIcon;
				INFOPLIST_FILE = SendSMS/Info.plist;
				LD_RUNPATH_SEARCH_PATHS = "$(inherited) @executable_path/Frameworks";
				PRODUCT_BUNDLE_IDENTIFIER = com.codekul.SendSMS;
				PRODUCT_NAME = "$(TARGET_NAME)";
				SWIFT_VERSION = 3.0;
			};
			name = Debug;
		};
		872A19601E6BCBF500692CDA /* Release */ = {
			isa = XCBuildConfiguration;
			buildSettings = {
				ASSETCATALOG_COMPILER_APPICON_NAME = AppIcon;
				INFOPLIST_FILE = SendSMS/Info.plist;
				LD_RUNPATH_SEARCH_PATHS = "$(inherited) @executable_path/Frameworks";
				PRODUCT_BUNDLE_IDENTIFIER = com.codekul.SendSMS;
				PRODUCT_NAME = "$(TARGET_NAME)";
				SWIFT_VERSION = 3.0;
			};
			name = Release;
		};
/* End XCBuildConfiguration section */

/* Begin XCConfigurationList section */
		872A19471E6BCBF500692CDA /* Build configuration list for PBXProject "SendSMS" */ = {
			isa = XCConfigurationList;
			buildConfigurations = (
				872A195C1E6BCBF500692CDA /* Debug */,
				872A195D1E6BCBF500692CDA /* Release */,
			);
			defaultConfigurationIsVisible = 0;
			defaultConfigurationName = Release;
		};
		872A195E1E6BCBF500692CDA /* Build configuration list for PBXNativeTarget "SendSMS" */ = {
			isa = XCConfigurationList;
			buildConfigurations = (
				872A195F1E6BCBF500692CDA /* Debug */,
				872A19601E6BCBF500692CDA /* Release */,
			);
			defaultConfigurationIsVisible = 0;
		};
/* End XCConfigurationList section */
	};
	rootObject = 872A19441E6BCBF500692CDA /* Project object */;
}
