// !$*UTF8*$!
{
	archiveVersion = 1;
	classes = {
	};
	objectVersion = 46;
	objects = {

/* Begin PBXBuildFile section */
		874452371E7525D000C9B83C /* AppDelegate.swift in Sources */ = {isa = PBXBuildFile; fileRef = 874452361E7525D000C9B83C /* AppDelegate.swift */; };
		874452391E7525D000C9B83C /* ViewController.swift in Sources */ = {isa = PBXBuildFile; fileRef = 874452381E7525D000C9B83C /* ViewController.swift */; };
		8744523C1E7525D000C9B83C /* Main.storyboard in Resources */ = {isa = PBXBuildFile; fileRef = 8744523A1E7525D000C9B83C /* Main.storyboard */; };
		8744523E1E7525D000C9B83C /* Assets.xcassets in Resources */ = {isa = PBXBuildFile; fileRef = 8744523D1E7525D000C9B83C /* Assets.xcassets */; };
		874452411E7525D000C9B83C /* LaunchScreen.storyboard in Resources */ = {isa = PBXBuildFile; fileRef = 8744523F1E7525D000C9B83C /* LaunchScreen.storyboard */; };
/* End PBXBuildFile section */

/* Begin PBXFileReference section */
		874452331E7525D000C9B83C /* LocalNotificationAssignment.app */ = {isa = PBXFileReference; explicitFileType = wrapper.application; includeInIndex = 0; path = LocalNotificationAssignment.app; sourceTree = BUILT_PRODUCTS_DIR; };
		874452361E7525D000C9B83C /* AppDelegate.swift */ = {isa = PBXFileReference; lastKnownFileType = sourcecode.swift; path = AppDelegate.swift; sourceTree = "<group>"; };
		874452381E7525D000C9B83C /* ViewController.swift */ = {isa = PBXFileReference; lastKnownFileType = sourcecode.swift; path = ViewController.swift; sourceTree = "<group>"; };
		8744523B1E7525D000C9B83C /* Base */ = {isa = PBXFileReference; lastKnownFileType = file.storyboard; name = Base; path = Base.lproj/Main.storyboard; sourceTree = "<group>"; };
		8744523D1E7525D000C9B83C /* Assets.xcassets */ = {isa = PBXFileReference; lastKnownFileType = folder.assetcatalog; path = Assets.xcassets; sourceTree = "<group>"; };
		874452401E7525D000C9B83C /* Base */ = {isa = PBXFileReference; lastKnownFileType = file.storyboard; name = Base; path = Base.lproj/LaunchScreen.storyboard; sourceTree = "<group>"; };
		874452421E7525D000C9B83C /* Info.plist */ = {isa = PBXFileReference; lastKnownFileType = text.plist.xml; path = Info.plist; sourceTree = "<group>"; };
/* End PBXFileReference section */

/* Begin PBXFrameworksBuildPhase section */
		874452301E7525D000C9B83C /* Frameworks */ = {
			isa = PBXFrameworksBuildPhase;
			buildActionMask = 2147483647;
			files = (
			);
			runOnlyForDeploymentPostprocessing = 0;
		};
/* End PBXFrameworksBuildPhase section */

/* Begin PBXGroup section */
		8744522A1E7525D000C9B83C = {
			isa = PBXGroup;
			children = (
				874452351E7525D000C9B83C /* LocalNotificationAssignment */,
				874452341E7525D000C9B83C /* Products */,
			);
			sourceTree = "<group>";
		};
		874452341E7525D000C9B83C /* Products */ = {
			isa = PBXGroup;
			children = (
				874452331E7525D000C9B83C /* LocalNotificationAssignment.app */,
			);
			name = Products;
			sourceTree = "<group>";
		};
		874452351E7525D000C9B83C /* LocalNotificationAssignment */ = {
			isa = PBXGroup;
			children = (
				874452361E7525D000C9B83C /* AppDelegate.swift */,
				874452381E7525D000C9B83C /* ViewController.swift */,
				8744523A1E7525D000C9B83C /* Main.storyboard */,
				8744523D1E7525D000C9B83C /* Assets.xcassets */,
				8744523F1E7525D000C9B83C /* LaunchScreen.storyboard */,
				874452421E7525D000C9B83C /* Info.plist */,
			);
			path = LocalNotificationAssignment;
			sourceTree = "<group>";
		};
/* End PBXGroup section */

/* Begin PBXNativeTarget section */
		874452321E7525D000C9B83C /* LocalNotificationAssignment */ = {
			isa = PBXNativeTarget;
			buildConfigurationList = 874452451E7525D000C9B83C /* Build configuration list for PBXNativeTarget "LocalNotificationAssignment" */;
			buildPhases = (
				8744522F1E7525D000C9B83C /* Sources */,
				874452301E7525D000C9B83C /* Frameworks */,
				874452311E7525D000C9B83C /* Resources */,
			);
			buildRules = (
			);
			dependencies = (
			);
			name = LocalNotificationAssignment;
			productName = LocalNotificationAssignment;
			productReference = 874452331E7525D000C9B83C /* LocalNotificationAssignment.app */;
			productType = "com.apple.product-type.application";
		};
/* End PBXNativeTarget section */

/* Begin PBXProject section */
		8744522B1E7525D000C9B83C /* Project object */ = {
			isa = PBXProject;
			attributes = {
				LastSwiftUpdateCheck = 0820;
				LastUpgradeCheck = 0820;
				ORGANIZATIONNAME = CodeKul;
				TargetAttributes = {
					874452321E7525D000C9B83C = {
						CreatedOnToolsVersion = 8.2.1;
						ProvisioningStyle = Automatic;
					};
				};
			};
			buildConfigurationList = 8744522E1E7525D000C9B83C /* Build configuration list for PBXProject "LocalNotificationAssignment" */;
			compatibilityVersion = "Xcode 3.2";
			developmentRegion = English;
			hasScannedForEncodings = 0;
			knownRegions = (
				en,
				Base,
			);
			mainGroup = 8744522A1E7525D000C9B83C;
			productRefGroup = 874452341E7525D000C9B83C /* Products */;
			projectDirPath = "";
			projectRoot = "";
			targets = (
				874452321E7525D000C9B83C /* LocalNotificationAssignment */,
			);
		};
/* End PBXProject section */

/* Begin PBXResourcesBuildPhase section */
		874452311E7525D000C9B83C /* Resources */ = {
			isa = PBXResourcesBuildPhase;
			buildActionMask = 2147483647;
			files = (
				874452411E7525D000C9B83C /* LaunchScreen.storyboard in Resources */,
				8744523E1E7525D000C9B83C /* Assets.xcassets in Resources */,
				8744523C1E7525D000C9B83C /* Main.storyboard in Resources */,
			);
			runOnlyForDeploymentPostprocessing = 0;
		};
/* End PBXResourcesBuildPhase section */

/* Begin PBXSourcesBuildPhase section */
		8744522F1E7525D000C9B83C /* Sources */ = {
			isa = PBXSourcesBuildPhase;
			buildActionMask = 2147483647;
			files = (
				874452391E7525D000C9B83C /* ViewController.swift in Sources */,
				874452371E7525D000C9B83C /* AppDelegate.swift in Sources */,
			);
			runOnlyForDeploymentPostprocessing = 0;
		};
/* End PBXSourcesBuildPhase section */

/* Begin PBXVariantGroup section */
		8744523A1E7525D000C9B83C /* Main.storyboard */ = {
			isa = PBXVariantGroup;
			children = (
				8744523B1E7525D000C9B83C /* Base */,
			);
			name = Main.storyboard;
			sourceTree = "<group>";
		};
		8744523F1E7525D000C9B83C /* LaunchScreen.storyboard */ = {
			isa = PBXVariantGroup;
			children = (
				874452401E7525D000C9B83C /* Base */,
			);
			name = LaunchScreen.storyboard;
			sourceTree = "<group>";
		};
/* End PBXVariantGroup section */

/* Begin XCBuildConfiguration section */
		874452431E7525D000C9B83C /* Debug */ = {
			isa = XCBuildConfiguration;
			buildSettings = {
				ALWAYS_SEARCH_USER_PATHS = NO;
				CLANG_ANALYZER_NONNULL = YES;
				CLANG_CXX_LANGUAGE_STANDARD = "gnu++0x";
				CLANG_CXX_LIBRARY = "libc++";
				CLANG_ENABLE_MODULES = YES;
				CLANG_ENABLE_OBJC_ARC = YES;
				CLANG_WARN_BOOL_CONVERSION = YES;
				CLANG_WARN_CONSTANT_CONVERSION = YES;
				CLANG_WARN_DIRECT_OBJC_ISA_USAGE = YES_ERROR;
				CLANG_WARN_DOCUMENTATION_COMMENTS = YES;
				CLANG_WARN_EMPTY_BODY = YES;
				CLANG_WARN_ENUM_CONVERSION = YES;
				CLANG_WARN_INFINITE_RECURSION = YES;
				CLANG_WARN_INT_CONVERSION = YES;
				CLANG_WARN_OBJC_ROOT_CLASS = YES_ERROR;
				CLANG_WARN_SUSPICIOUS_MOVE = YES;
				CLANG_WARN_UNREACHABLE_CODE = YES;
				CLANG_WARN__DUPLICATE_METHOD_MATCH = YES;
				"CODE_SIGN_IDENTITY[sdk=iphoneos*]" = "iPhone Developer";
				COPY_PHASE_STRIP = NO;
				DEBUG_INFORMATION_FORMAT = dwarf;
				ENABLE_STRICT_OBJC_MSGSEND = YES;
				ENABLE_TESTABILITY = YES;
				GCC_C_LANGUAGE_STANDARD = gnu99;
				GCC_DYNAMIC_NO_PIC = NO;
				GCC_NO_COMMON_BLOCKS = YES;
				GCC_OPTIMIZATION_LEVEL = 0;
				GCC_PREPROCESSOR_DEFINITIONS = (
					"DEBUG=1",
					"$(inherited)",
				);
				GCC_WARN_64_TO_32_BIT_CONVERSION = YES;
				GCC_WARN_ABOUT_RETURN_TYPE = YES_ERROR;
				GCC_WARN_UNDECLARED_SELECTOR = YES;
				GCC_WARN_UNINITIALIZED_AUTOS = YES_AGGRESSIVE;
				GCC_WARN_UNUSED_FUNCTION = YES;
				GCC_WARN_UNUSED_VARIABLE = YES;
				IPHONEOS_DEPLOYMENT_TARGET = 10.2;
				MTL_ENABLE_DEBUG_INFO = YES;
				ONLY_ACTIVE_ARCH = YES;
				SDKROOT = iphoneos;
				SWIFT_ACTIVE_COMPILATION_CONDITIONS = DEBUG;
				SWIFT_OPTIMIZATION_LEVEL = "-Onone";
				TARGETED_DEVICE_FAMILY = "1,2";
			};
			name = Debug;
		};
		874452441E7525D000C9B83C /* Release */ = {
			isa = XCBuildConfiguration;
			buildSettings = {
				ALWAYS_SEARCH_USER_PATHS = NO;
				CLANG_ANALYZER_NONNULL = YES;
				CLANG_CXX_LANGUAGE_STANDARD = "gnu++0x";
				CLANG_CXX_LIBRARY = "libc++";
				CLANG_ENABLE_MODULES = YES;
				CLANG_ENABLE_OBJC_ARC = YES;
				CLANG_WARN_BOOL_CONVERSION = YES;
				CLANG_WARN_CONSTANT_CONVERSION = YES;
				CLANG_WARN_DIRECT_OBJC_ISA_USAGE = YES_ERROR;
				CLANG_WARN_DOCUMENTATION_COMMENTS = YES;
				CLANG_WARN_EMPTY_BODY = YES;
				CLANG_WARN_ENUM_CONVERSION = YES;
				CLANG_WARN_INFINITE_RECURSION = YES;
				CLANG_WARN_INT_CONVERSION = YES;
				CLANG_WARN_OBJC_ROOT_CLASS = YES_ERROR;
				CLANG_WARN_SUSPICIOUS_MOVE = YES;
				CLANG_WARN_UNREACHABLE_CODE = YES;
				CLANG_WARN__DUPLICATE_METHOD_MATCH = YES;
				"CODE_SIGN_IDENTITY[sdk=iphoneos*]" = "iPhone Developer";
				COPY_PHASE_STRIP = NO;
				DEBUG_INFORMATION_FORMAT = "dwarf-with-dsym";
				ENABLE_NS_ASSERTIONS = NO;
				ENABLE_STRICT_OBJC_MSGSEND = YES;
				GCC_C_LANGUAGE_STANDARD = gnu99;
				GCC_NO_COMMON_BLOCKS = YES;
				GCC_WARN_64_TO_32_BIT_CONVERSION = YES;
				GCC_WARN_ABOUT_RETURN_TYPE = YES_ERROR;
				GCC_WARN_UNDECLARED_SELECTOR = YES;
				GCC_WARN_UNINITIALIZED_AUTOS = YES_AGGRESSIVE;
				GCC_WARN_UNUSED_FUNCTION = YES;
				GCC_WARN_UNUSED_VARIABLE = YES;
				IPHONEOS_DEPLOYMENT_TARGET = 10.2;
				MTL_ENABLE_DEBUG_INFO = NO;
				SDKROOT = iphoneos;
				SWIFT_OPTIMIZATION_LEVEL = "-Owholemodule";
				TARGETED_DEVICE_FAMILY = "1,2";
				VALIDATE_PRODUCT = YES;
			};
			name = Release;
		};
		874452461E7525D000C9B83C /* Debug */ = {
			isa = XCBuildConfiguration;
			buildSettings = {
				ASSETCATALOG_COMPILER_APPICON_NAME = AppIcon;
				INFOPLIST_FILE = LocalNotificationAssignment/Info.plist;
				LD_RUNPATH_SEARCH_PATHS = "$(inherited) @executable_path/Frameworks";
				PRODUCT_BUNDLE_IDENTIFIER = com.codekul.LocalNotificationAssignment;
				PRODUCT_NAME = "$(TARGET_NAME)";
				SWIFT_VERSION = 3.0;
			};
			name = Debug;
		};
		874452471E7525D000C9B83C /* Release */ = {
			isa = XCBuildConfiguration;
			buildSettings = {
				ASSETCATALOG_COMPILER_APPICON_NAME = AppIcon;
				INFOPLIST_FILE = LocalNotificationAssignment/Info.plist;
				LD_RUNPATH_SEARCH_PATHS = "$(inherited) @executable_path/Frameworks";
				PRODUCT_BUNDLE_IDENTIFIER = com.codekul.LocalNotificationAssignment;
				PRODUCT_NAME = "$(TARGET_NAME)";
				SWIFT_VERSION = 3.0;
			};
			name = Release;
		};
/* End XCBuildConfiguration section */

/* Begin XCConfigurationList section */
		8744522E1E7525D000C9B83C /* Build configuration list for PBXProject "LocalNotificationAssignment" */ = {
			isa = XCConfigurationList;
			buildConfigurations = (
				874452431E7525D000C9B83C /* Debug */,
				874452441E7525D000C9B83C /* Release */,
			);
			defaultConfigurationIsVisible = 0;
			defaultConfigurationName = Release;
		};
		874452451E7525D000C9B83C /* Build configuration list for PBXNativeTarget "LocalNotificationAssignment" */ = {
			isa = XCConfigurationList;
			buildConfigurations = (
				874452461E7525D000C9B83C /* Debug */,
				874452471E7525D000C9B83C /* Release */,
			);
			defaultConfigurationIsVisible = 0;
		};
/* End XCConfigurationList section */
	};
	rootObject = 8744522B1E7525D000C9B83C /* Project object */;
}
