// !$*UTF8*$!
{
	archiveVersion = 1;
	classes = {
	};
	objectVersion = 46;
	objects = {

/* Begin PBXBuildFile section */
		87EC476E1E653410001DA1BD /* AppDelegate.swift in Sources */ = {isa = PBXBuildFile; fileRef = 87EC476D1E653410001DA1BD /* AppDelegate.swift */; };
		87EC47701E653410001DA1BD /* ViewController.swift in Sources */ = {isa = PBXBuildFile; fileRef = 87EC476F1E653410001DA1BD /* ViewController.swift */; };
		87EC47731E653410001DA1BD /* Main.storyboard in Resources */ = {isa = PBXBuildFile; fileRef = 87EC47711E653410001DA1BD /* Main.storyboard */; };
		87EC47751E653410001DA1BD /* Assets.xcassets in Resources */ = {isa = PBXBuildFile; fileRef = 87EC47741E653410001DA1BD /* Assets.xcassets */; };
		87EC47781E653410001DA1BD /* LaunchScreen.storyboard in Resources */ = {isa = PBXBuildFile; fileRef = 87EC47761E653410001DA1BD /* LaunchScreen.storyboard */; };
		87EC47801E6535CD001DA1BD /* Dhaakad.mp3 in Resources */ = {isa = PBXBuildFile; fileRef = 87EC477F1E6535CD001DA1BD /* Dhaakad.mp3 */; };
		87EC47821E6539B1001DA1BD /* spiderman.mp4 in Resources */ = {isa = PBXBuildFile; fileRef = 87EC47811E6539B1001DA1BD /* spiderman.mp4 */; };
/* End PBXBuildFile section */

/* Begin PBXFileReference section */
		87EC476A1E653410001DA1BD /* MultimediaDemo.app */ = {isa = PBXFileReference; explicitFileType = wrapper.application; includeInIndex = 0; path = MultimediaDemo.app; sourceTree = BUILT_PRODUCTS_DIR; };
		87EC476D1E653410001DA1BD /* AppDelegate.swift */ = {isa = PBXFileReference; lastKnownFileType = sourcecode.swift; path = AppDelegate.swift; sourceTree = "<group>"; };
		87EC476F1E653410001DA1BD /* ViewController.swift */ = {isa = PBXFileReference; lastKnownFileType = sourcecode.swift; path = ViewController.swift; sourceTree = "<group>"; };
		87EC47721E653410001DA1BD /* Base */ = {isa = PBXFileReference; lastKnownFileType = file.storyboard; name = Base; path = Base.lproj/Main.storyboard; sourceTree = "<group>"; };
		87EC47741E653410001DA1BD /* Assets.xcassets */ = {isa = PBXFileReference; lastKnownFileType = folder.assetcatalog; path = Assets.xcassets; sourceTree = "<group>"; };
		87EC47771E653410001DA1BD /* Base */ = {isa = PBXFileReference; lastKnownFileType = file.storyboard; name = Base; path = Base.lproj/LaunchScreen.storyboard; sourceTree = "<group>"; };
		87EC47791E653410001DA1BD /* Info.plist */ = {isa = PBXFileReference; lastKnownFileType = text.plist.xml; path = Info.plist; sourceTree = "<group>"; };
		87EC477F1E6535CD001DA1BD /* Dhaakad.mp3 */ = {isa = PBXFileReference; lastKnownFileType = audio.mp3; path = Dhaakad.mp3; sourceTree = "<group>"; };
		87EC47811E6539B1001DA1BD /* spiderman.mp4 */ = {isa = PBXFileReference; lastKnownFileType = file; path = spiderman.mp4; sourceTree = "<group>"; };
/* End PBXFileReference section */

/* Begin PBXFrameworksBuildPhase section */
		87EC47671E653410001DA1BD /* Frameworks */ = {
			isa = PBXFrameworksBuildPhase;
			buildActionMask = 2147483647;
			files = (
			);
			runOnlyForDeploymentPostprocessing = 0;
		};
/* End PBXFrameworksBuildPhase section */

/* Begin PBXGroup section */
		87EC47611E653410001DA1BD = {
			isa = PBXGroup;
			children = (
				87EC476C1E653410001DA1BD /* MultimediaDemo */,
				87EC476B1E653410001DA1BD /* Products */,
			);
			sourceTree = "<group>";
		};
		87EC476B1E653410001DA1BD /* Products */ = {
			isa = PBXGroup;
			children = (
				87EC476A1E653410001DA1BD /* MultimediaDemo.app */,
			);
			name = Products;
			sourceTree = "<group>";
		};
		87EC476C1E653410001DA1BD /* MultimediaDemo */ = {
			isa = PBXGroup;
			children = (
				87EC476D1E653410001DA1BD /* AppDelegate.swift */,
				87EC476F1E653410001DA1BD /* ViewController.swift */,
				87EC477F1E6535CD001DA1BD /* Dhaakad.mp3 */,
				87EC47811E6539B1001DA1BD /* spiderman.mp4 */,
				87EC47711E653410001DA1BD /* Main.storyboard */,
				87EC47741E653410001DA1BD /* Assets.xcassets */,
				87EC47761E653410001DA1BD /* LaunchScreen.storyboard */,
				87EC47791E653410001DA1BD /* Info.plist */,
			);
			path = MultimediaDemo;
			sourceTree = "<group>";
		};
/* End PBXGroup section */

/* Begin PBXNativeTarget section */
		87EC47691E653410001DA1BD /* MultimediaDemo */ = {
			isa = PBXNativeTarget;
			buildConfigurationList = 87EC477C1E653410001DA1BD /* Build configuration list for PBXNativeTarget "MultimediaDemo" */;
			buildPhases = (
				87EC47661E653410001DA1BD /* Sources */,
				87EC47671E653410001DA1BD /* Frameworks */,
				87EC47681E653410001DA1BD /* Resources */,
			);
			buildRules = (
			);
			dependencies = (
			);
			name = MultimediaDemo;
			productName = MultimediaDemo;
			productReference = 87EC476A1E653410001DA1BD /* MultimediaDemo.app */;
			productType = "com.apple.product-type.application";
		};
/* End PBXNativeTarget section */

/* Begin PBXProject section */
		87EC47621E653410001DA1BD /* Project object */ = {
			isa = PBXProject;
			attributes = {
				LastSwiftUpdateCheck = 0820;
				LastUpgradeCheck = 0820;
				ORGANIZATIONNAME = CodeKul;
				TargetAttributes = {
					87EC47691E653410001DA1BD = {
						CreatedOnToolsVersion = 8.2.1;
						ProvisioningStyle = Automatic;
					};
				};
			};
			buildConfigurationList = 87EC47651E653410001DA1BD /* Build configuration list for PBXProject "MultimediaDemo" */;
			compatibilityVersion = "Xcode 3.2";
			developmentRegion = English;
			hasScannedForEncodings = 0;
			knownRegions = (
				en,
				Base,
			);
			mainGroup = 87EC47611E653410001DA1BD;
			productRefGroup = 87EC476B1E653410001DA1BD /* Products */;
			projectDirPath = "";
			projectRoot = "";
			targets = (
				87EC47691E653410001DA1BD /* MultimediaDemo */,
			);
		};
/* End PBXProject section */

/* Begin PBXResourcesBuildPhase section */
		87EC47681E653410001DA1BD /* Resources */ = {
			isa = PBXResourcesBuildPhase;
			buildActionMask = 2147483647;
			files = (
				87EC47781E653410001DA1BD /* LaunchScreen.storyboard in Resources */,
				87EC47821E6539B1001DA1BD /* spiderman.mp4 in Resources */,
				87EC47751E653410001DA1BD /* Assets.xcassets in Resources */,
				87EC47731E653410001DA1BD /* Main.storyboard in Resources */,
				87EC47801E6535CD001DA1BD /* Dhaakad.mp3 in Resources */,
			);
			runOnlyForDeploymentPostprocessing = 0;
		};
/* End PBXResourcesBuildPhase section */

/* Begin PBXSourcesBuildPhase section */
		87EC47661E653410001DA1BD /* Sources */ = {
			isa = PBXSourcesBuildPhase;
			buildActionMask = 2147483647;
			files = (
				87EC47701E653410001DA1BD /* ViewController.swift in Sources */,
				87EC476E1E653410001DA1BD /* AppDelegate.swift in Sources */,
			);
			runOnlyForDeploymentPostprocessing = 0;
		};
/* End PBXSourcesBuildPhase section */

/* Begin PBXVariantGroup section */
		87EC47711E653410001DA1BD /* Main.storyboard */ = {
			isa = PBXVariantGroup;
			children = (
				87EC47721E653410001DA1BD /* Base */,
			);
			name = Main.storyboard;
			sourceTree = "<group>";
		};
		87EC47761E653410001DA1BD /* LaunchScreen.storyboard */ = {
			isa = PBXVariantGroup;
			children = (
				87EC47771E653410001DA1BD /* Base */,
			);
			name = LaunchScreen.storyboard;
			sourceTree = "<group>";
		};
/* End PBXVariantGroup section */

/* Begin XCBuildConfiguration section */
		87EC477A1E653410001DA1BD /* Debug */ = {
			isa = XCBuildConfiguration;
			buildSettings = {
				ALWAYS_SEARCH_USER_PATHS = NO;
				CLANG_ANALYZER_NONNULL = YES;
				CLANG_CXX_LANGUAGE_STANDARD = "gnu++0x";
				CLANG_CXX_LIBRARY = "libc++";
				CLANG_ENABLE_MODULES = YES;
				CLANG_ENABLE_OBJC_ARC = YES;
				CLANG_WARN_BOOL_CONVERSION = YES;
				CLANG_WARN_CONSTANT_CONVERSION = YES;
				CLANG_WARN_DIRECT_OBJC_ISA_USAGE = YES_ERROR;
				CLANG_WARN_DOCUMENTATION_COMMENTS = YES;
				CLANG_WARN_EMPTY_BODY = YES;
				CLANG_WARN_ENUM_CONVERSION = YES;
				CLANG_WARN_INFINITE_RECURSION = YES;
				CLANG_WARN_INT_CONVERSION = YES;
				CLANG_WARN_OBJC_ROOT_CLASS = YES_ERROR;
				CLANG_WARN_SUSPICIOUS_MOVE = YES;
				CLANG_WARN_UNREACHABLE_CODE = YES;
				CLANG_WARN__DUPLICATE_METHOD_MATCH = YES;
				"CODE_SIGN_IDENTITY[sdk=iphoneos*]" = "iPhone Developer";
				COPY_PHASE_STRIP = NO;
				DEBUG_INFORMATION_FORMAT = dwarf;
				ENABLE_STRICT_OBJC_MSGSEND = YES;
				ENABLE_TESTABILITY = YES;
				GCC_C_LANGUAGE_STANDARD = gnu99;
				GCC_DYNAMIC_NO_PIC = NO;
				GCC_NO_COMMON_BLOCKS = YES;
				GCC_OPTIMIZATION_LEVEL = 0;
				GCC_PREPROCESSOR_DEFINITIONS = (
					"DEBUG=1",
					"$(inherited)",
				);
				GCC_WARN_64_TO_32_BIT_CONVERSION = YES;
				GCC_WARN_ABOUT_RETURN_TYPE = YES_ERROR;
				GCC_WARN_UNDECLARED_SELECTOR = YES;
				GCC_WARN_UNINITIALIZED_AUTOS = YES_AGGRESSIVE;
				GCC_WARN_UNUSED_FUNCTION = YES;
				GCC_WARN_UNUSED_VARIABLE = YES;
				IPHONEOS_DEPLOYMENT_TARGET = 10.2;
				MTL_ENABLE_DEBUG_INFO = YES;
				ONLY_ACTIVE_ARCH = YES;
				SDKROOT = iphoneos;
				SWIFT_ACTIVE_COMPILATION_CONDITIONS = DEBUG;
				SWIFT_OPTIMIZATION_LEVEL = "-Onone";
				TARGETED_DEVICE_FAMILY = "1,2";
			};
			name = Debug;
		};
		87EC477B1E653410001DA1BD /* Release */ = {
			isa = XCBuildConfiguration;
			buildSettings = {
				ALWAYS_SEARCH_USER_PATHS = NO;
				CLANG_ANALYZER_NONNULL = YES;
				CLANG_CXX_LANGUAGE_STANDARD = "gnu++0x";
				CLANG_CXX_LIBRARY = "libc++";
				CLANG_ENABLE_MODULES = YES;
				CLANG_ENABLE_OBJC_ARC = YES;
				CLANG_WARN_BOOL_CONVERSION = YES;
				CLANG_WARN_CONSTANT_CONVERSION = YES;
				CLANG_WARN_DIRECT_OBJC_ISA_USAGE = YES_ERROR;
				CLANG_WARN_DOCUMENTATION_COMMENTS = YES;
				CLANG_WARN_EMPTY_BODY = YES;
				CLANG_WARN_ENUM_CONVERSION = YES;
				CLANG_WARN_INFINITE_RECURSION = YES;
				CLANG_WARN_INT_CONVERSION = YES;
				CLANG_WARN_OBJC_ROOT_CLASS = YES_ERROR;
				CLANG_WARN_SUSPICIOUS_MOVE = YES;
				CLANG_WARN_UNREACHABLE_CODE = YES;
				CLANG_WARN__DUPLICATE_METHOD_MATCH = YES;
				"CODE_SIGN_IDENTITY[sdk=iphoneos*]" = "iPhone Developer";
				COPY_PHASE_STRIP = NO;
				DEBUG_INFORMATION_FORMAT = "dwarf-with-dsym";
				ENABLE_NS_ASSERTIONS = NO;
				ENABLE_STRICT_OBJC_MSGSEND = YES;
				GCC_C_LANGUAGE_STANDARD = gnu99;
				GCC_NO_COMMON_BLOCKS = YES;
				GCC_WARN_64_TO_32_BIT_CONVERSION = YES;
				GCC_WARN_ABOUT_RETURN_TYPE = YES_ERROR;
				GCC_WARN_UNDECLARED_SELECTOR = YES;
				GCC_WARN_UNINITIALIZED_AUTOS = YES_AGGRESSIVE;
				GCC_WARN_UNUSED_FUNCTION = YES;
				GCC_WARN_UNUSED_VARIABLE = YES;
				IPHONEOS_DEPLOYMENT_TARGET = 10.2;
				MTL_ENABLE_DEBUG_INFO = NO;
				SDKROOT = iphoneos;
				SWIFT_OPTIMIZATION_LEVEL = "-Owholemodule";
				TARGETED_DEVICE_FAMILY = "1,2";
				VALIDATE_PRODUCT = YES;
			};
			name = Release;
		};
		87EC477D1E653410001DA1BD /* Debug */ = {
			isa = XCBuildConfiguration;
			buildSettings = {
				ASSETCATALOG_COMPILER_APPICON_NAME = AppIcon;
				INFOPLIST_FILE = MultimediaDemo/Info.plist;
				LD_RUNPATH_SEARCH_PATHS = "$(inherited) @executable_path/Frameworks";
				PRODUCT_BUNDLE_IDENTIFIER = com.codekul.MultimediaDemo;
				PRODUCT_NAME = "$(TARGET_NAME)";
				SWIFT_VERSION = 3.0;
			};
			name = Debug;
		};
		87EC477E1E653410001DA1BD /* Release */ = {
			isa = XCBuildConfiguration;
			buildSettings = {
				ASSETCATALOG_COMPILER_APPICON_NAME = AppIcon;
				INFOPLIST_FILE = MultimediaDemo/Info.plist;
				LD_RUNPATH_SEARCH_PATHS = "$(inherited) @executable_path/Frameworks";
				PRODUCT_BUNDLE_IDENTIFIER = com.codekul.MultimediaDemo;
				PRODUCT_NAME = "$(TARGET_NAME)";
				SWIFT_VERSION = 3.0;
			};
			name = Release;
		};
/* End XCBuildConfiguration section */

/* Begin XCConfigurationList section */
		87EC47651E653410001DA1BD /* Build configuration list for PBXProject "MultimediaDemo" */ = {
			isa = XCConfigurationList;
			buildConfigurations = (
				87EC477A1E653410001DA1BD /* Debug */,
				87EC477B1E653410001DA1BD /* Release */,
			);
			defaultConfigurationIsVisible = 0;
			defaultConfigurationName = Release;
		};
		87EC477C1E653410001DA1BD /* Build configuration list for PBXNativeTarget "MultimediaDemo" */ = {
			isa = XCConfigurationList;
			buildConfigurations = (
				87EC477D1E653410001DA1BD /* Debug */,
				87EC477E1E653410001DA1BD /* Release */,
			);
			defaultConfigurationIsVisible = 0;
			defaultConfigurationName = Release;
		};
/* End XCConfigurationList section */
	};
	rootObject = 87EC47621E653410001DA1BD /* Project object */;
}
