// !$*UTF8*$!
{
	archiveVersion = 1;
	classes = {
	};
	objectVersion = 46;
	objects = {

/* Begin PBXBuildFile section */
		87CD70A41E502463005E527A /* AppDelegate.swift in Sources */ = {isa = PBXBuildFile; fileRef = 87CD70A31E502463005E527A /* AppDelegate.swift */; };
		87CD70A61E502463005E527A /* ViewController.swift in Sources */ = {isa = PBXBuildFile; fileRef = 87CD70A51E502463005E527A /* ViewController.swift */; };
		87CD70A91E502463005E527A /* Main.storyboard in Resources */ = {isa = PBXBuildFile; fileRef = 87CD70A71E502463005E527A /* Main.storyboard */; };
		87CD70AB1E502463005E527A /* Assets.xcassets in Resources */ = {isa = PBXBuildFile; fileRef = 87CD70AA1E502463005E527A /* Assets.xcassets */; };
		87CD70AE1E502463005E527A /* LaunchScreen.storyboard in Resources */ = {isa = PBXBuildFile; fileRef = 87CD70AC1E502463005E527A /* LaunchScreen.storyboard */; };
		87CD70B61E5024AA005E527A /* StuInfo.plist in Resources */ = {isa = PBXBuildFile; fileRef = 87CD70B51E5024AA005E527A /* StuInfo.plist */; };
/* End PBXBuildFile section */

/* Begin PBXFileReference section */
		87CD70A01E502463005E527A /* PListDemo.app */ = {isa = PBXFileReference; explicitFileType = wrapper.application; includeInIndex = 0; path = PListDemo.app; sourceTree = BUILT_PRODUCTS_DIR; };
		87CD70A31E502463005E527A /* AppDelegate.swift */ = {isa = PBXFileReference; lastKnownFileType = sourcecode.swift; path = AppDelegate.swift; sourceTree = "<group>"; };
		87CD70A51E502463005E527A /* ViewController.swift */ = {isa = PBXFileReference; lastKnownFileType = sourcecode.swift; path = ViewController.swift; sourceTree = "<group>"; };
		87CD70A81E502463005E527A /* Base */ = {isa = PBXFileReference; lastKnownFileType = file.storyboard; name = Base; path = Base.lproj/Main.storyboard; sourceTree = "<group>"; };
		87CD70AA1E502463005E527A /* Assets.xcassets */ = {isa = PBXFileReference; lastKnownFileType = folder.assetcatalog; path = Assets.xcassets; sourceTree = "<group>"; };
		87CD70AD1E502463005E527A /* Base */ = {isa = PBXFileReference; lastKnownFileType = file.storyboard; name = Base; path = Base.lproj/LaunchScreen.storyboard; sourceTree = "<group>"; };
		87CD70AF1E502463005E527A /* Info.plist */ = {isa = PBXFileReference; lastKnownFileType = text.plist.xml; path = Info.plist; sourceTree = "<group>"; };
		87CD70B51E5024AA005E527A /* StuInfo.plist */ = {isa = PBXFileReference; fileEncoding = 4; lastKnownFileType = text.plist.xml; path = StuInfo.plist; sourceTree = "<group>"; };
/* End PBXFileReference section */

/* Begin PBXFrameworksBuildPhase section */
		87CD709D1E502463005E527A /* Frameworks */ = {
			isa = PBXFrameworksBuildPhase;
			buildActionMask = 2147483647;
			files = (
			);
			runOnlyForDeploymentPostprocessing = 0;
		};
/* End PBXFrameworksBuildPhase section */

/* Begin PBXGroup section */
		87CD70971E502463005E527A = {
			isa = PBXGroup;
			children = (
				87CD70A21E502463005E527A /* PListDemo */,
				87CD70A11E502463005E527A /* Products */,
			);
			sourceTree = "<group>";
		};
		87CD70A11E502463005E527A /* Products */ = {
			isa = PBXGroup;
			children = (
				87CD70A01E502463005E527A /* PListDemo.app */,
			);
			name = Products;
			sourceTree = "<group>";
		};
		87CD70A21E502463005E527A /* PListDemo */ = {
			isa = PBXGroup;
			children = (
				87CD70A31E502463005E527A /* AppDelegate.swift */,
				87CD70A51E502463005E527A /* ViewController.swift */,
				87CD70B51E5024AA005E527A /* StuInfo.plist */,
				87CD70A71E502463005E527A /* Main.storyboard */,
				87CD70AA1E502463005E527A /* Assets.xcassets */,
				87CD70AC1E502463005E527A /* LaunchScreen.storyboard */,
				87CD70AF1E502463005E527A /* Info.plist */,
			);
			path = PListDemo;
			sourceTree = "<group>";
		};
/* End PBXGroup section */

/* Begin PBXNativeTarget section */
		87CD709F1E502463005E527A /* PListDemo */ = {
			isa = PBXNativeTarget;
			buildConfigurationList = 87CD70B21E502463005E527A /* Build configuration list for PBXNativeTarget "PListDemo" */;
			buildPhases = (
				87CD709C1E502463005E527A /* Sources */,
				87CD709D1E502463005E527A /* Frameworks */,
				87CD709E1E502463005E527A /* Resources */,
			);
			buildRules = (
			);
			dependencies = (
			);
			name = PListDemo;
			productName = PListDemo;
			productReference = 87CD70A01E502463005E527A /* PListDemo.app */;
			productType = "com.apple.product-type.application";
		};
/* End PBXNativeTarget section */

/* Begin PBXProject section */
		87CD70981E502463005E527A /* Project object */ = {
			isa = PBXProject;
			attributes = {
				LastSwiftUpdateCheck = 0820;
				LastUpgradeCheck = 0820;
				ORGANIZATIONNAME = CodeKul;
				TargetAttributes = {
					87CD709F1E502463005E527A = {
						CreatedOnToolsVersion = 8.2.1;
						ProvisioningStyle = Automatic;
					};
				};
			};
			buildConfigurationList = 87CD709B1E502463005E527A /* Build configuration list for PBXProject "PListDemo" */;
			compatibilityVersion = "Xcode 3.2";
			developmentRegion = English;
			hasScannedForEncodings = 0;
			knownRegions = (
				en,
				Base,
			);
			mainGroup = 87CD70971E502463005E527A;
			productRefGroup = 87CD70A11E502463005E527A /* Products */;
			projectDirPath = "";
			projectRoot = "";
			targets = (
				87CD709F1E502463005E527A /* PListDemo */,
			);
		};
/* End PBXProject section */

/* Begin PBXResourcesBuildPhase section */
		87CD709E1E502463005E527A /* Resources */ = {
			isa = PBXResourcesBuildPhase;
			buildActionMask = 2147483647;
			files = (
				87CD70AE1E502463005E527A /* LaunchScreen.storyboard in Resources */,
				87CD70AB1E502463005E527A /* Assets.xcassets in Resources */,
				87CD70A91E502463005E527A /* Main.storyboard in Resources */,
				87CD70B61E5024AA005E527A /* StuInfo.plist in Resources */,
			);
			runOnlyForDeploymentPostprocessing = 0;
		};
/* End PBXResourcesBuildPhase section */

/* Begin PBXSourcesBuildPhase section */
		87CD709C1E502463005E527A /* Sources */ = {
			isa = PBXSourcesBuildPhase;
			buildActionMask = 2147483647;
			files = (
				87CD70A61E502463005E527A /* ViewController.swift in Sources */,
				87CD70A41E502463005E527A /* AppDelegate.swift in Sources */,
			);
			runOnlyForDeploymentPostprocessing = 0;
		};
/* End PBXSourcesBuildPhase section */

/* Begin PBXVariantGroup section */
		87CD70A71E502463005E527A /* Main.storyboard */ = {
			isa = PBXVariantGroup;
			children = (
				87CD70A81E502463005E527A /* Base */,
			);
			name = Main.storyboard;
			sourceTree = "<group>";
		};
		87CD70AC1E502463005E527A /* LaunchScreen.storyboard */ = {
			isa = PBXVariantGroup;
			children = (
				87CD70AD1E502463005E527A /* Base */,
			);
			name = LaunchScreen.storyboard;
			sourceTree = "<group>";
		};
/* End PBXVariantGroup section */

/* Begin XCBuildConfiguration section */
		87CD70B01E502463005E527A /* Debug */ = {
			isa = XCBuildConfiguration;
			buildSettings = {
				ALWAYS_SEARCH_USER_PATHS = NO;
				CLANG_ANALYZER_NONNULL = YES;
				CLANG_CXX_LANGUAGE_STANDARD = "gnu++0x";
				CLANG_CXX_LIBRARY = "libc++";
				CLANG_ENABLE_MODULES = YES;
				CLANG_ENABLE_OBJC_ARC = YES;
				CLANG_WARN_BOOL_CONVERSION = YES;
				CLANG_WARN_CONSTANT_CONVERSION = YES;
				CLANG_WARN_DIRECT_OBJC_ISA_USAGE = YES_ERROR;
				CLANG_WARN_DOCUMENTATION_COMMENTS = YES;
				CLANG_WARN_EMPTY_BODY = YES;
				CLANG_WARN_ENUM_CONVERSION = YES;
				CLANG_WARN_INFINITE_RECURSION = YES;
				CLANG_WARN_INT_CONVERSION = YES;
				CLANG_WARN_OBJC_ROOT_CLASS = YES_ERROR;
				CLANG_WARN_SUSPICIOUS_MOVE = YES;
				CLANG_WARN_UNREACHABLE_CODE = YES;
				CLANG_WARN__DUPLICATE_METHOD_MATCH = YES;
				"CODE_SIGN_IDENTITY[sdk=iphoneos*]" = "iPhone Developer";
				COPY_PHASE_STRIP = NO;
				DEBUG_INFORMATION_FORMAT = dwarf;
				ENABLE_STRICT_OBJC_MSGSEND = YES;
				ENABLE_TESTABILITY = YES;
				GCC_C_LANGUAGE_STANDARD = gnu99;
				GCC_DYNAMIC_NO_PIC = NO;
				GCC_NO_COMMON_BLOCKS = YES;
				GCC_OPTIMIZATION_LEVEL = 0;
				GCC_PREPROCESSOR_DEFINITIONS = (
					"DEBUG=1",
					"$(inherited)",
				);
				GCC_WARN_64_TO_32_BIT_CONVERSION = YES;
				GCC_WARN_ABOUT_RETURN_TYPE = YES_ERROR;
				GCC_WARN_UNDECLARED_SELECTOR = YES;
				GCC_WARN_UNINITIALIZED_AUTOS = YES_AGGRESSIVE;
				GCC_WARN_UNUSED_FUNCTION = YES;
				GCC_WARN_UNUSED_VARIABLE = YES;
				IPHONEOS_DEPLOYMENT_TARGET = 10.2;
				MTL_ENABLE_DEBUG_INFO = YES;
				ONLY_ACTIVE_ARCH = YES;
				SDKROOT = iphoneos;
				SWIFT_ACTIVE_COMPILATION_CONDITIONS = DEBUG;
				SWIFT_OPTIMIZATION_LEVEL = "-Onone";
				TARGETED_DEVICE_FAMILY = "1,2";
			};
			name = Debug;
		};
		87CD70B11E502463005E527A /* Release */ = {
			isa = XCBuildConfiguration;
			buildSettings = {
				ALWAYS_SEARCH_USER_PATHS = NO;
				CLANG_ANALYZER_NONNULL = YES;
				CLANG_CXX_LANGUAGE_STANDARD = "gnu++0x";
				CLANG_CXX_LIBRARY = "libc++";
				CLANG_ENABLE_MODULES = YES;
				CLANG_ENABLE_OBJC_ARC = YES;
				CLANG_WARN_BOOL_CONVERSION = YES;
				CLANG_WARN_CONSTANT_CONVERSION = YES;
				CLANG_WARN_DIRECT_OBJC_ISA_USAGE = YES_ERROR;
				CLANG_WARN_DOCUMENTATION_COMMENTS = YES;
				CLANG_WARN_EMPTY_BODY = YES;
				CLANG_WARN_ENUM_CONVERSION = YES;
				CLANG_WARN_INFINITE_RECURSION = YES;
				CLANG_WARN_INT_CONVERSION = YES;
				CLANG_WARN_OBJC_ROOT_CLASS = YES_ERROR;
				CLANG_WARN_SUSPICIOUS_MOVE = YES;
				CLANG_WARN_UNREACHABLE_CODE = YES;
				CLANG_WARN__DUPLICATE_METHOD_MATCH = YES;
				"CODE_SIGN_IDENTITY[sdk=iphoneos*]" = "iPhone Developer";
				COPY_PHASE_STRIP = NO;
				DEBUG_INFORMATION_FORMAT = "dwarf-with-dsym";
				ENABLE_NS_ASSERTIONS = NO;
				ENABLE_STRICT_OBJC_MSGSEND = YES;
				GCC_C_LANGUAGE_STANDARD = gnu99;
				GCC_NO_COMMON_BLOCKS = YES;
				GCC_WARN_64_TO_32_BIT_CONVERSION = YES;
				GCC_WARN_ABOUT_RETURN_TYPE = YES_ERROR;
				GCC_WARN_UNDECLARED_SELECTOR = YES;
				GCC_WARN_UNINITIALIZED_AUTOS = YES_AGGRESSIVE;
				GCC_WARN_UNUSED_FUNCTION = YES;
				GCC_WARN_UNUSED_VARIABLE = YES;
				IPHONEOS_DEPLOYMENT_TARGET = 10.2;
				MTL_ENABLE_DEBUG_INFO = NO;
				SDKROOT = iphoneos;
				SWIFT_OPTIMIZATION_LEVEL = "-Owholemodule";
				TARGETED_DEVICE_FAMILY = "1,2";
				VALIDATE_PRODUCT = YES;
			};
			name = Release;
		};
		87CD70B31E502463005E527A /* Debug */ = {
			isa = XCBuildConfiguration;
			buildSettings = {
				ASSETCATALOG_COMPILER_APPICON_NAME = AppIcon;
				INFOPLIST_FILE = PListDemo/Info.plist;
				LD_RUNPATH_SEARCH_PATHS = "$(inherited) @executable_path/Frameworks";
				PRODUCT_BUNDLE_IDENTIFIER = com.codekul.PListDemo;
				PRODUCT_NAME = "$(TARGET_NAME)";
				SWIFT_VERSION = 3.0;
			};
			name = Debug;
		};
		87CD70B41E502463005E527A /* Release */ = {
			isa = XCBuildConfiguration;
			buildSettings = {
				ASSETCATALOG_COMPILER_APPICON_NAME = AppIcon;
				INFOPLIST_FILE = PListDemo/Info.plist;
				LD_RUNPATH_SEARCH_PATHS = "$(inherited) @executable_path/Frameworks";
				PRODUCT_BUNDLE_IDENTIFIER = com.codekul.PListDemo;
				PRODUCT_NAME = "$(TARGET_NAME)";
				SWIFT_VERSION = 3.0;
			};
			name = Release;
		};
/* End XCBuildConfiguration section */

/* Begin XCConfigurationList section */
		87CD709B1E502463005E527A /* Build configuration list for PBXProject "PListDemo" */ = {
			isa = XCConfigurationList;
			buildConfigurations = (
				87CD70B01E502463005E527A /* Debug */,
				87CD70B11E502463005E527A /* Release */,
			);
			defaultConfigurationIsVisible = 0;
			defaultConfigurationName = Release;
		};
		87CD70B21E502463005E527A /* Build configuration list for PBXNativeTarget "PListDemo" */ = {
			isa = XCConfigurationList;
			buildConfigurations = (
				87CD70B31E502463005E527A /* Debug */,
				87CD70B41E502463005E527A /* Release */,
			);
			defaultConfigurationIsVisible = 0;
		};
/* End XCConfigurationList section */
	};
	rootObject = 87CD70981E502463005E527A /* Project object */;
}
