// !$*UTF8*$!
{
	archiveVersion = 1;
	classes = {
	};
	objectVersion = 46;
	objects = {

/* Begin PBXBuildFile section */
		872692C91E73C1B800AEDEAA /* AppDelegate.swift in Sources */ = {isa = PBXBuildFile; fileRef = 872692C81E73C1B800AEDEAA /* AppDelegate.swift */; };
		872692CB1E73C1B800AEDEAA /* ViewController.swift in Sources */ = {isa = PBXBuildFile; fileRef = 872692CA1E73C1B800AEDEAA /* ViewController.swift */; };
		872692CE1E73C1B800AEDEAA /* Main.storyboard in Resources */ = {isa = PBXBuildFile; fileRef = 872692CC1E73C1B800AEDEAA /* Main.storyboard */; };
		872692D01E73C1B800AEDEAA /* Assets.xcassets in Resources */ = {isa = PBXBuildFile; fileRef = 872692CF1E73C1B800AEDEAA /* Assets.xcassets */; };
		872692D31E73C1B800AEDEAA /* LaunchScreen.storyboard in Resources */ = {isa = PBXBuildFile; fileRef = 872692D11E73C1B800AEDEAA /* LaunchScreen.storyboard */; };
/* End PBXBuildFile section */

/* Begin PBXFileReference section */
		872692C51E73C1B800AEDEAA /* NewGestureDemo.app */ = {isa = PBXFileReference; explicitFileType = wrapper.application; includeInIndex = 0; path = NewGestureDemo.app; sourceTree = BUILT_PRODUCTS_DIR; };
		872692C81E73C1B800AEDEAA /* AppDelegate.swift */ = {isa = PBXFileReference; lastKnownFileType = sourcecode.swift; path = AppDelegate.swift; sourceTree = "<group>"; };
		872692CA1E73C1B800AEDEAA /* ViewController.swift */ = {isa = PBXFileReference; lastKnownFileType = sourcecode.swift; path = ViewController.swift; sourceTree = "<group>"; };
		872692CD1E73C1B800AEDEAA /* Base */ = {isa = PBXFileReference; lastKnownFileType = file.storyboard; name = Base; path = Base.lproj/Main.storyboard; sourceTree = "<group>"; };
		872692CF1E73C1B800AEDEAA /* Assets.xcassets */ = {isa = PBXFileReference; lastKnownFileType = folder.assetcatalog; path = Assets.xcassets; sourceTree = "<group>"; };
		872692D21E73C1B800AEDEAA /* Base */ = {isa = PBXFileReference; lastKnownFileType = file.storyboard; name = Base; path = Base.lproj/LaunchScreen.storyboard; sourceTree = "<group>"; };
		872692D41E73C1B800AEDEAA /* Info.plist */ = {isa = PBXFileReference; lastKnownFileType = text.plist.xml; path = Info.plist; sourceTree = "<group>"; };
/* End PBXFileReference section */

/* Begin PBXFrameworksBuildPhase section */
		872692C21E73C1B800AEDEAA /* Frameworks */ = {
			isa = PBXFrameworksBuildPhase;
			buildActionMask = 2147483647;
			files = (
			);
			runOnlyForDeploymentPostprocessing = 0;
		};
/* End PBXFrameworksBuildPhase section */

/* Begin PBXGroup section */
		872692BC1E73C1B800AEDEAA = {
			isa = PBXGroup;
			children = (
				872692C71E73C1B800AEDEAA /* NewGestureDemo */,
				872692C61E73C1B800AEDEAA /* Products */,
			);
			sourceTree = "<group>";
		};
		872692C61E73C1B800AEDEAA /* Products */ = {
			isa = PBXGroup;
			children = (
				872692C51E73C1B800AEDEAA /* NewGestureDemo.app */,
			);
			name = Products;
			sourceTree = "<group>";
		};
		872692C71E73C1B800AEDEAA /* NewGestureDemo */ = {
			isa = PBXGroup;
			children = (
				872692C81E73C1B800AEDEAA /* AppDelegate.swift */,
				872692CA1E73C1B800AEDEAA /* ViewController.swift */,
				872692CC1E73C1B800AEDEAA /* Main.storyboard */,
				872692CF1E73C1B800AEDEAA /* Assets.xcassets */,
				872692D11E73C1B800AEDEAA /* LaunchScreen.storyboard */,
				872692D41E73C1B800AEDEAA /* Info.plist */,
			);
			path = NewGestureDemo;
			sourceTree = "<group>";
		};
/* End PBXGroup section */

/* Begin PBXNativeTarget section */
		872692C41E73C1B800AEDEAA /* NewGestureDemo */ = {
			isa = PBXNativeTarget;
			buildConfigurationList = 872692D71E73C1B800AEDEAA /* Build configuration list for PBXNativeTarget "NewGestureDemo" */;
			buildPhases = (
				872692C11E73C1B800AEDEAA /* Sources */,
				872692C21E73C1B800AEDEAA /* Frameworks */,
				872692C31E73C1B800AEDEAA /* Resources */,
			);
			buildRules = (
			);
			dependencies = (
			);
			name = NewGestureDemo;
			productName = NewGestureDemo;
			productReference = 872692C51E73C1B800AEDEAA /* NewGestureDemo.app */;
			productType = "com.apple.product-type.application";
		};
/* End PBXNativeTarget section */

/* Begin PBXProject section */
		872692BD1E73C1B800AEDEAA /* Project object */ = {
			isa = PBXProject;
			attributes = {
				LastSwiftUpdateCheck = 0820;
				LastUpgradeCheck = 0820;
				ORGANIZATIONNAME = CodeKul;
				TargetAttributes = {
					872692C41E73C1B800AEDEAA = {
						CreatedOnToolsVersion = 8.2.1;
						ProvisioningStyle = Automatic;
					};
				};
			};
			buildConfigurationList = 872692C01E73C1B800AEDEAA /* Build configuration list for PBXProject "NewGestureDemo" */;
			compatibilityVersion = "Xcode 3.2";
			developmentRegion = English;
			hasScannedForEncodings = 0;
			knownRegions = (
				en,
				Base,
			);
			mainGroup = 872692BC1E73C1B800AEDEAA;
			productRefGroup = 872692C61E73C1B800AEDEAA /* Products */;
			projectDirPath = "";
			projectRoot = "";
			targets = (
				872692C41E73C1B800AEDEAA /* NewGestureDemo */,
			);
		};
/* End PBXProject section */

/* Begin PBXResourcesBuildPhase section */
		872692C31E73C1B800AEDEAA /* Resources */ = {
			isa = PBXResourcesBuildPhase;
			buildActionMask = 2147483647;
			files = (
				872692D31E73C1B800AEDEAA /* LaunchScreen.storyboard in Resources */,
				872692D01E73C1B800AEDEAA /* Assets.xcassets in Resources */,
				872692CE1E73C1B800AEDEAA /* Main.storyboard in Resources */,
			);
			runOnlyForDeploymentPostprocessing = 0;
		};
/* End PBXResourcesBuildPhase section */

/* Begin PBXSourcesBuildPhase section */
		872692C11E73C1B800AEDEAA /* Sources */ = {
			isa = PBXSourcesBuildPhase;
			buildActionMask = 2147483647;
			files = (
				872692CB1E73C1B800AEDEAA /* ViewController.swift in Sources */,
				872692C91E73C1B800AEDEAA /* AppDelegate.swift in Sources */,
			);
			runOnlyForDeploymentPostprocessing = 0;
		};
/* End PBXSourcesBuildPhase section */

/* Begin PBXVariantGroup section */
		872692CC1E73C1B800AEDEAA /* Main.storyboard */ = {
			isa = PBXVariantGroup;
			children = (
				872692CD1E73C1B800AEDEAA /* Base */,
			);
			name = Main.storyboard;
			sourceTree = "<group>";
		};
		872692D11E73C1B800AEDEAA /* LaunchScreen.storyboard */ = {
			isa = PBXVariantGroup;
			children = (
				872692D21E73C1B800AEDEAA /* Base */,
			);
			name = LaunchScreen.storyboard;
			sourceTree = "<group>";
		};
/* End PBXVariantGroup section */

/* Begin XCBuildConfiguration section */
		872692D51E73C1B800AEDEAA /* Debug */ = {
			isa = XCBuildConfiguration;
			buildSettings = {
				ALWAYS_SEARCH_USER_PATHS = NO;
				CLANG_ANALYZER_NONNULL = YES;
				CLANG_CXX_LANGUAGE_STANDARD = "gnu++0x";
				CLANG_CXX_LIBRARY = "libc++";
				CLANG_ENABLE_MODULES = YES;
				CLANG_ENABLE_OBJC_ARC = YES;
				CLANG_WARN_BOOL_CONVERSION = YES;
				CLANG_WARN_CONSTANT_CONVERSION = YES;
				CLANG_WARN_DIRECT_OBJC_ISA_USAGE = YES_ERROR;
				CLANG_WARN_DOCUMENTATION_COMMENTS = YES;
				CLANG_WARN_EMPTY_BODY = YES;
				CLANG_WARN_ENUM_CONVERSION = YES;
				CLANG_WARN_INFINITE_RECURSION = YES;
				CLANG_WARN_INT_CONVERSION = YES;
				CLANG_WARN_OBJC_ROOT_CLASS = YES_ERROR;
				CLANG_WARN_SUSPICIOUS_MOVE = YES;
				CLANG_WARN_UNREACHABLE_CODE = YES;
				CLANG_WARN__DUPLICATE_METHOD_MATCH = YES;
				"CODE_SIGN_IDENTITY[sdk=iphoneos*]" = "iPhone Developer";
				COPY_PHASE_STRIP = NO;
				DEBUG_INFORMATION_FORMAT = dwarf;
				ENABLE_STRICT_OBJC_MSGSEND = YES;
				ENABLE_TESTABILITY = YES;
				GCC_C_LANGUAGE_STANDARD = gnu99;
				GCC_DYNAMIC_NO_PIC = NO;
				GCC_NO_COMMON_BLOCKS = YES;
				GCC_OPTIMIZATION_LEVEL = 0;
				GCC_PREPROCESSOR_DEFINITIONS = (
					"DEBUG=1",
					"$(inherited)",
				);
				GCC_WARN_64_TO_32_BIT_CONVERSION = YES;
				GCC_WARN_ABOUT_RETURN_TYPE = YES_ERROR;
				GCC_WARN_UNDECLARED_SELECTOR = YES;
				GCC_WARN_UNINITIALIZED_AUTOS = YES_AGGRESSIVE;
				GCC_WARN_UNUSED_FUNCTION = YES;
				GCC_WARN_UNUSED_VARIABLE = YES;
				IPHONEOS_DEPLOYMENT_TARGET = 10.2;
				MTL_ENABLE_DEBUG_INFO = YES;
				ONLY_ACTIVE_ARCH = YES;
				SDKROOT = iphoneos;
				SWIFT_ACTIVE_COMPILATION_CONDITIONS = DEBUG;
				SWIFT_OPTIMIZATION_LEVEL = "-Onone";
				TARGETED_DEVICE_FAMILY = "1,2";
			};
			name = Debug;
		};
		872692D61E73C1B800AEDEAA /* Release */ = {
			isa = XCBuildConfiguration;
			buildSettings = {
				ALWAYS_SEARCH_USER_PATHS = NO;
				CLANG_ANALYZER_NONNULL = YES;
				CLANG_CXX_LANGUAGE_STANDARD = "gnu++0x";
				CLANG_CXX_LIBRARY = "libc++";
				CLANG_ENABLE_MODULES = YES;
				CLANG_ENABLE_OBJC_ARC = YES;
				CLANG_WARN_BOOL_CONVERSION = YES;
				CLANG_WARN_CONSTANT_CONVERSION = YES;
				CLANG_WARN_DIRECT_OBJC_ISA_USAGE = YES_ERROR;
				CLANG_WARN_DOCUMENTATION_COMMENTS = YES;
				CLANG_WARN_EMPTY_BODY = YES;
				CLANG_WARN_ENUM_CONVERSION = YES;
				CLANG_WARN_INFINITE_RECURSION = YES;
				CLANG_WARN_INT_CONVERSION = YES;
				CLANG_WARN_OBJC_ROOT_CLASS = YES_ERROR;
				CLANG_WARN_SUSPICIOUS_MOVE = YES;
				CLANG_WARN_UNREACHABLE_CODE = YES;
				CLANG_WARN__DUPLICATE_METHOD_MATCH = YES;
				"CODE_SIGN_IDENTITY[sdk=iphoneos*]" = "iPhone Developer";
				COPY_PHASE_STRIP = NO;
				DEBUG_INFORMATION_FORMAT = "dwarf-with-dsym";
				ENABLE_NS_ASSERTIONS = NO;
				ENABLE_STRICT_OBJC_MSGSEND = YES;
				GCC_C_LANGUAGE_STANDARD = gnu99;
				GCC_NO_COMMON_BLOCKS = YES;
				GCC_WARN_64_TO_32_BIT_CONVERSION = YES;
				GCC_WARN_ABOUT_RETURN_TYPE = YES_ERROR;
				GCC_WARN_UNDECLARED_SELECTOR = YES;
				GCC_WARN_UNINITIALIZED_AUTOS = YES_AGGRESSIVE;
				GCC_WARN_UNUSED_FUNCTION = YES;
				GCC_WARN_UNUSED_VARIABLE = YES;
				IPHONEOS_DEPLOYMENT_TARGET = 10.2;
				MTL_ENABLE_DEBUG_INFO = NO;
				SDKROOT = iphoneos;
				SWIFT_OPTIMIZATION_LEVEL = "-Owholemodule";
				TARGETED_DEVICE_FAMILY = "1,2";
				VALIDATE_PRODUCT = YES;
			};
			name = Release;
		};
		872692D81E73C1B800AEDEAA /* Debug */ = {
			isa = XCBuildConfiguration;
			buildSettings = {
				ASSETCATALOG_COMPILER_APPICON_NAME = AppIcon;
				INFOPLIST_FILE = NewGestureDemo/Info.plist;
				LD_RUNPATH_SEARCH_PATHS = "$(inherited) @executable_path/Frameworks";
				PRODUCT_BUNDLE_IDENTIFIER = com.codekul.NewGestureDemo;
				PRODUCT_NAME = "$(TARGET_NAME)";
				SWIFT_VERSION = 3.0;
			};
			name = Debug;
		};
		872692D91E73C1B800AEDEAA /* Release */ = {
			isa = XCBuildConfiguration;
			buildSettings = {
				ASSETCATALOG_COMPILER_APPICON_NAME = AppIcon;
				INFOPLIST_FILE = NewGestureDemo/Info.plist;
				LD_RUNPATH_SEARCH_PATHS = "$(inherited) @executable_path/Frameworks";
				PRODUCT_BUNDLE_IDENTIFIER = com.codekul.NewGestureDemo;
				PRODUCT_NAME = "$(TARGET_NAME)";
				SWIFT_VERSION = 3.0;
			};
			name = Release;
		};
/* End XCBuildConfiguration section */

/* Begin XCConfigurationList section */
		872692C01E73C1B800AEDEAA /* Build configuration list for PBXProject "NewGestureDemo" */ = {
			isa = XCConfigurationList;
			buildConfigurations = (
				872692D51E73C1B800AEDEAA /* Debug */,
				872692D61E73C1B800AEDEAA /* Release */,
			);
			defaultConfigurationIsVisible = 0;
			defaultConfigurationName = Release;
		};
		872692D71E73C1B800AEDEAA /* Build configuration list for PBXNativeTarget "NewGestureDemo" */ = {
			isa = XCConfigurationList;
			buildConfigurations = (
				872692D81E73C1B800AEDEAA /* Debug */,
				872692D91E73C1B800AEDEAA /* Release */,
			);
			defaultConfigurationIsVisible = 0;
		};
/* End XCConfigurationList section */
	};
	rootObject = 872692BD1E73C1B800AEDEAA /* Project object */;
}
